
Microsoft Visual Studio Solution File, Format Version 12.00
# Visual Studio 15
Project("{FAE04EC0-301F-11D3-BF4B-00C04F79EFBC}") = "Assembly-CSharp", "Assembly-CSharp.csproj", "{5A64AB95-D1F6-6C38-66D5-B6212F71AD82}"
EndProject
Project("{FAE04EC0-301F-11D3-BF4B-00C04F79EFBC}") = "Assembly-CSharp-Editor", "Assembly-CSharp-Editor.csproj", "{99EDEAEF-DCF7-F01A-E78F-B6FF33D85243}"
EndProject
Global
	GlobalSection(SolutionConfigurationPlatforms) = preSolution
		Debug|Any CPU = Debug|Any CPU
		Release|Any CPU = Release|Any CPU
	EndGlobalSection
	GlobalSection(ProjectConfigurationPlatforms) = postSolution
		{5A64AB95-D1F6-6C38-66D5-B6212F71AD82}.Debug|Any CPU.ActiveCfg = Debug|Any CPU
		{5A64AB95-D1F6-6C38-66D5-B6212F71AD82}.Debug|Any CPU.Build.0 = Debug|Any CPU
		{5A64AB95-D1F6-6C38-66D5-B6212F71AD82}.Release|Any CPU.ActiveCfg = Release|Any CPU
		{5A64AB95-D1F6-6C38-66D5-B6212F71AD82}.Release|Any CPU.Build.0 = Release|Any CPU
		{99EDEAEF-DCF7-F01A-E78F-B6FF33D85243}.Debug|Any CPU.ActiveCfg = Debug|Any CPU
		{99EDEAEF-DCF7-F01A-E78F-B6FF33D85243}.Debug|Any CPU.Build.0 = Debug|Any CPU
		{99EDEAEF-DCF7-F01A-E78F-B6FF33D85243}.Release|Any CPU.ActiveCfg = Release|Any CPU
		{99EDEAEF-DCF7-F01A-E78F-B6FF33D85243}.Release|Any CPU.Build.0 = Release|Any CPU
	EndGlobalSection
	GlobalSection(SolutionProperties) = preSolution
		HideSolutionNode = FALSE
	EndGlobalSection
EndGlobal
